// !$*UTF8*$!
{
	archiveVersion = 1;
	classes = {
	};
	objectVersion = 50;
	objects = {

/* Begin PBXBuildFile section */
		ECDD4858264C7BAD00AF49EE /* AppDelegate.swift in Sources */ = {isa = PBXBuildFile; fileRef = ECDD4857264C7BAD00AF49EE /* AppDelegate.swift */; };
		ECDD485A264C7BAD00AF49EE /* SceneDelegate.swift in Sources */ = {isa = PBXBuildFile; fileRef = ECDD4859264C7BAD00AF49EE /* SceneDelegate.swift */; };
		ECDD485C264C7BAD00AF49EE /* ViewController.swift in Sources */ = {isa = PBXBuildFile; fileRef = ECDD485B264C7BAD00AF49EE /* ViewController.swift */; };
		ECDD485F264C7BAD00AF49EE /* Main.storyboard in Resources */ = {isa = PBXBuildFile; fileRef = ECDD485D264C7BAD00AF49EE /* Main.storyboard */; };
		ECDD4861264C7BAE00AF49EE /* Assets.xcassets in Resources */ = {isa = PBXBuildFile; fileRef = ECDD4860264C7BAE00AF49EE /* Assets.xcassets */; };
		ECDD4864264C7BAE00AF49EE /* LaunchScreen.storyboard in Resources */ = {isa = PBXBuildFile; fileRef = ECDD4862264C7BAE00AF49EE /* LaunchScreen.storyboard */; };
		ECDD486F264C7F5A00AF49EE /* yellow.mp3 in Resources */ = {isa = PBXBuildFile; fileRef = ECDD486B264C7F5A00AF49EE /* yellow.mp3 */; };
		ECDD4870264C7F5A00AF49EE /* green.mp3 in Resources */ = {isa = PBXBuildFile; fileRef = ECDD486C264C7F5A00AF49EE /* green.mp3 */; };
		ECDD4871264C7F5A00AF49EE /* red.mp3 in Resources */ = {isa = PBXBuildFile; fileRef = ECDD486D264C7F5A00AF49EE /* red.mp3 */; };
		ECDD4872264C7F5A00AF49EE /* blue.mp3 in Resources */ = {isa = PBXBuildFile; fileRef = ECDD486E264C7F5A00AF49EE /* blue.mp3 */; };
/* End PBXBuildFile section */

/* Begin PBXFileReference section */
		ECDD4854264C7BAD00AF49EE /* SimonSays.app */ = {isa = PBXFileReference; explicitFileType = wrapper.application; includeInIndex = 0; path = SimonSays.app; sourceTree = BUILT_PRODUCTS_DIR; };
		ECDD4857264C7BAD00AF49EE /* AppDelegate.swift */ = {isa = PBXFileReference; lastKnownFileType = sourcecode.swift; path = AppDelegate.swift; sourceTree = "<group>"; };
		ECDD4859264C7BAD00AF49EE /* SceneDelegate.swift */ = {isa = PBXFileReference; lastKnownFileType = sourcecode.swift; path = SceneDelegate.swift; sourceTree = "<group>"; };
		ECDD485B264C7BAD00AF49EE /* ViewController.swift */ = {isa = PBXFileReference; lastKnownFileType = sourcecode.swift; path = ViewController.swift; sourceTree = "<group>"; };
		ECDD485E264C7BAD00AF49EE /* Base */ = {isa = PBXFileReference; lastKnownFileType = file.storyboard; name = Base; path = Base.lproj/Main.storyboard; sourceTree = "<group>"; };
		ECDD4860264C7BAE00AF49EE /* Assets.xcassets */ = {isa = PBXFileReference; lastKnownFileType = folder.assetcatalog; path = Assets.xcassets; sourceTree = "<group>"; };
		ECDD4863264C7BAE00AF49EE /* Base */ = {isa = PBXFileReference; lastKnownFileType = file.storyboard; name = Base; path = Base.lproj/LaunchScreen.storyboard; sourceTree = "<group>"; };
		ECDD4865264C7BAE00AF49EE /* Info.plist */ = {isa = PBXFileReference; lastKnownFileType = text.plist.xml; path = Info.plist; sourceTree = "<group>"; };
		ECDD486B264C7F5A00AF49EE /* yellow.mp3 */ = {isa = PBXFileReference; lastKnownFileType = audio.mp3; path = yellow.mp3; sourceTree = "<group>"; };
		ECDD486C264C7F5A00AF49EE /* green.mp3 */ = {isa = PBXFileReference; lastKnownFileType = audio.mp3; path = green.mp3; sourceTree = "<group>"; };
		ECDD486D264C7F5A00AF49EE /* red.mp3 */ = {isa = PBXFileReference; lastKnownFileType = audio.mp3; path = red.mp3; sourceTree = "<group>"; };
		ECDD486E264C7F5A00AF49EE /* blue.mp3 */ = {isa = PBXFileReference; lastKnownFileType = audio.mp3; path = blue.mp3; sourceTree = "<group>"; };
/* End PBXFileReference section */

/* Begin PBXFrameworksBuildPhase section */
		ECDD4851264C7BAD00AF49EE /* Frameworks */ = {
			isa = PBXFrameworksBuildPhase;
			buildActionMask = 2147483647;
			files = (
			);
			runOnlyForDeploymentPostprocessing = 0;
		};
/* End PBXFrameworksBuildPhase section */

/* Begin PBXGroup section */
		ECDD484B264C7BAD00AF49EE = {
			isa = PBXGroup;
			children = (
				ECDD4856264C7BAD00AF49EE /* SimonSays */,
				ECDD4855264C7BAD00AF49EE /* Products */,
			);
			sourceTree = "<group>";
		};
		ECDD4855264C7BAD00AF49EE /* Products */ = {
			isa = PBXGroup;
			children = (
				ECDD4854264C7BAD00AF49EE /* SimonSays.app */,
			);
			name = Products;
			sourceTree = "<group>";
		};
		ECDD4856264C7BAD00AF49EE /* SimonSays */ = {
			isa = PBXGroup;
			children = (
				ECDD486E264C7F5A00AF49EE /* blue.mp3 */,
				ECDD486C264C7F5A00AF49EE /* green.mp3 */,
				ECDD486D264C7F5A00AF49EE /* red.mp3 */,
				ECDD486B264C7F5A00AF49EE /* yellow.mp3 */,
				ECDD4857264C7BAD00AF49EE /* AppDelegate.swift */,
				ECDD4859264C7BAD00AF49EE /* SceneDelegate.swift */,
				ECDD485B264C7BAD00AF49EE /* ViewController.swift */,
				ECDD485D264C7BAD00AF49EE /* Main.storyboard */,
				ECDD4860264C7BAE00AF49EE /* Assets.xcassets */,
				ECDD4862264C7BAE00AF49EE /* LaunchScreen.storyboard */,
				ECDD4865264C7BAE00AF49EE /* Info.plist */,
			);
			path = SimonSays;
			sourceTree = "<group>";
		};
/* End PBXGroup section */

/* Begin PBXNativeTarget section */
		ECDD4853264C7BAD00AF49EE /* SimonSays */ = {
			isa = PBXNativeTarget;
			buildConfigurationList = ECDD4868264C7BAE00AF49EE /* Build configuration list for PBXNativeTarget "SimonSays" */;
			buildPhases = (
				ECDD4850264C7BAD00AF49EE /* Sources */,
				ECDD4851264C7BAD00AF49EE /* Frameworks */,
				ECDD4852264C7BAD00AF49EE /* Resources */,
			);
			buildRules = (
			);
			dependencies = (
			);
			name = SimonSays;
			productName = SimonSays;
			productReference = ECDD4854264C7BAD00AF49EE /* SimonSays.app */;
			productType = "com.apple.product-type.application";
		};
/* End PBXNativeTarget section */

/* Begin PBXProject section */
		ECDD484C264C7BAD00AF49EE /* Project object */ = {
			isa = PBXProject;
			attributes = {
				LastSwiftUpdateCheck = 1250;
				LastUpgradeCheck = 1250;
				TargetAttributes = {
					ECDD4853264C7BAD00AF49EE = {
						CreatedOnToolsVersion = 12.5;
					};
				};
			};
			buildConfigurationList = ECDD484F264C7BAD00AF49EE /* Build configuration list for PBXProject "SimonSays" */;
			compatibilityVersion = "Xcode 9.3";
			developmentRegion = en;
			hasScannedForEncodings = 0;
			knownRegions = (
				en,
				Base,
			);
			mainGroup = ECDD484B264C7BAD00AF49EE;
			productRefGroup = ECDD4855264C7BAD00AF49EE /* Products */;
			projectDirPath = "";
			projectRoot = "";
			targets = (
				ECDD4853264C7BAD00AF49EE /* SimonSays */,
			);
		};
/* End PBXProject section */

/* Begin PBXResourcesBuildPhase section */
		ECDD4852264C7BAD00AF49EE /* Resources */ = {
			isa = PBXResourcesBuildPhase;
			buildActionMask = 2147483647;
			files = (
				ECDD4871264C7F5A00AF49EE /* red.mp3 in Resources */,
				ECDD4872264C7F5A00AF49EE /* blue.mp3 in Resources */,
				ECDD486F264C7F5A00AF49EE /* yellow.mp3 in Resources */,
				ECDD4864264C7BAE00AF49EE /* LaunchScreen.storyboard in Resources */,
				ECDD4870264C7F5A00AF49EE /* green.mp3 in Resources */,
				ECDD4861264C7BAE00AF49EE /* Assets.xcassets in Resources */,
				ECDD485F264C7BAD00AF49EE /* Main.storyboard in Resources */,
			);
			runOnlyForDeploymentPostprocessing = 0;
		};
/* End PBXResourcesBuildPhase section */

/* Begin PBXSourcesBuildPhase section */
		ECDD4850264C7BAD00AF49EE /* Sources */ = {
			isa = PBXSourcesBuildPhase;
			buildActionMask = 2147483647;
			files = (
				ECDD485C264C7BAD00AF49EE /* ViewController.swift in Sources */,
				ECDD4858264C7BAD00AF49EE /* AppDelegate.swift in Sources */,
				ECDD485A264C7BAD00AF49EE /* SceneDelegate.swift in Sources */,
			);
			runOnlyForDeploymentPostprocessing = 0;
		};
/* End PBXSourcesBuildPhase section */

/* Begin PBXVariantGroup section */
		ECDD485D264C7BAD00AF49EE /* Main.storyboard */ = {
			isa = PBXVariantGroup;
			children = (
				ECDD485E264C7BAD00AF49EE /* Base */,
			);
			name = Main.storyboard;
			sourceTree = "<group>";
		};
		ECDD4862264C7BAE00AF49EE /* LaunchScreen.storyboard */ = {
			isa = PBXVariantGroup;
			children = (
				ECDD4863264C7BAE00AF49EE /* Base */,
			);
			name = LaunchScreen.storyboard;
			sourceTree = "<group>";
		};
/* End PBXVariantGroup section */

/* Begin XCBuildConfiguration section */
		ECDD4866264C7BAE00AF49EE /* Debug */ = {
			isa = XCBuildConfiguration;
			buildSettings = {
				ALWAYS_SEARCH_USER_PATHS = NO;
				CLANG_ANALYZER_NONNULL = YES;
				CLANG_ANALYZER_NUMBER_OBJECT_CONVERSION = YES_AGGRESSIVE;
				CLANG_CXX_LANGUAGE_STANDARD = "gnu++14";
				CLANG_CXX_LIBRARY = "libc++";
				CLANG_ENABLE_MODULES = YES;
				CLANG_ENABLE_OBJC_ARC = YES;
				CLANG_ENABLE_OBJC_WEAK = YES;
				CLANG_WARN_BLOCK_CAPTURE_AUTORELEASING = YES;
				CLANG_WARN_BOOL_CONVERSION = YES;
				CLANG_WARN_COMMA = YES;
				CLANG_WARN_CONSTANT_CONVERSION = YES;
				CLANG_WARN_DEPRECATED_OBJC_IMPLEMENTATIONS = YES;
				CLANG_WARN_DIRECT_OBJC_ISA_USAGE = YES_ERROR;
				CLANG_WARN_DOCUMENTATION_COMMENTS = YES;
				CLANG_WARN_EMPTY_BODY = YES;
				CLANG_WARN_ENUM_CONVERSION = YES;
				CLANG_WARN_INFINITE_RECURSION = YES;
				CLANG_WARN_INT_CONVERSION = YES;
				CLANG_WARN_NON_LITERAL_NULL_CONVERSION = YES;
				CLANG_WARN_OBJC_IMPLICIT_RETAIN_SELF = YES;
				CLANG_WARN_OBJC_LITERAL_CONVERSION = YES;
				CLANG_WARN_OBJC_ROOT_CLASS = YES_ERROR;
				CLANG_WARN_QUOTED_INCLUDE_IN_FRAMEWORK_HEADER = YES;
				CLANG_WARN_RANGE_LOOP_ANALYSIS = YES;
				CLANG_WARN_STRICT_PROTOTYPES = YES;
				CLANG_WARN_SUSPICIOUS_MOVE = YES;
				CLANG_WARN_UNGUARDED_AVAILABILITY = YES_AGGRESSIVE;
				CLANG_WARN_UNREACHABLE_CODE = YES;
				CLANG_WARN__DUPLICATE_METHOD_MATCH = YES;
				COPY_PHASE_STRIP = NO;
				DEBUG_INFORMATION_FORMAT = dwarf;
				ENABLE_STRICT_OBJC_MSGSEND = YES;
				ENABLE_TESTABILITY = YES;
				GCC_C_LANGUAGE_STANDARD = gnu11;
				GCC_DYNAMIC_NO_PIC = NO;
				GCC_NO_COMMON_BLOCKS = YES;
				GCC_OPTIMIZATION_LEVEL = 0;
				GCC_PREPROCESSOR_DEFINITIONS = (
					"DEBUG=1",
					"$(inherited)",
				);
				GCC_WARN_64_TO_32_BIT_CONVERSION = YES;
				GCC_WARN_ABOUT_RETURN_TYPE = YES_ERROR;
				GCC_WARN_UNDECLARED_SELECTOR = YES;
				GCC_WARN_UNINITIALIZED_AUTOS = YES_AGGRESSIVE;
				GCC_WARN_UNUSED_FUNCTION = YES;
				GCC_WARN_UNUSED_VARIABLE = YES;
				IPHONEOS_DEPLOYMENT_TARGET = 14.5;
				MTL_ENABLE_DEBUG_INFO = INCLUDE_SOURCE;
				MTL_FAST_MATH = YES;
				ONLY_ACTIVE_ARCH = YES;
				SDKROOT = iphoneos;
				SWIFT_ACTIVE_COMPILATION_CONDITIONS = DEBUG;
				SWIFT_OPTIMIZATION_LEVEL = "-Onone";
			};
			name = Debug;
		};
		ECDD4867264C7BAE00AF49EE /* Release */ = {
			isa = XCBuildConfiguration;
			buildSettings = {
				ALWAYS_SEARCH_USER_PATHS = NO;
				CLANG_ANALYZER_NONNULL = YES;
				CLANG_ANALYZER_NUMBER_OBJECT_CONVERSION = YES_AGGRESSIVE;
				CLANG_CXX_LANGUAGE_STANDARD = "gnu++14";
				CLANG_CXX_LIBRARY = "libc++";
				CLANG_ENABLE_MODULES = YES;
				CLANG_ENABLE_OBJC_ARC = YES;
				CLANG_ENABLE_OBJC_WEAK = YES;
				CLANG_WARN_BLOCK_CAPTURE_AUTORELEASING = YES;
				CLANG_WARN_BOOL_CONVERSION = YES;
				CLANG_WARN_COMMA = YES;
				CLANG_WARN_CONSTANT_CONVERSION = YES;
				CLANG_WARN_DEPRECATED_OBJC_IMPLEMENTATIONS = YES;
				CLANG_WARN_DIRECT_OBJC_ISA_USAGE = YES_ERROR;
				CLANG_WARN_DOCUMENTATION_COMMENTS = YES;
				CLANG_WARN_EMPTY_BODY = YES;
				CLANG_WARN_ENUM_CONVERSION = YES;
				CLANG_WARN_INFINITE_RECURSION = YES;
				CLANG_WARN_INT_CONVERSION = YES;
				CLANG_WARN_NON_LITERAL_NULL_CONVERSION = YES;
				CLANG_WARN_OBJC_IMPLICIT_RETAIN_SELF = YES;
				CLANG_WARN_OBJC_LITERAL_CONVERSION = YES;
				CLANG_WARN_OBJC_ROOT_CLASS = YES_ERROR;
				CLANG_WARN_QUOTED_INCLUDE_IN_FRAMEWORK_HEADER = YES;
				CLANG_WARN_RANGE_LOOP_ANALYSIS = YES;
				CLANG_WARN_STRICT_PROTOTYPES = YES;
				CLANG_WARN_SUSPICIOUS_MOVE = YES;
				CLANG_WARN_UNGUARDED_AVAILABILITY = YES_AGGRESSIVE;
				CLANG_WARN_UNREACHABLE_CODE = YES;
				CLANG_WARN__DUPLICATE_METHOD_MATCH = YES;
				COPY_PHASE_STRIP = NO;
				DEBUG_INFORMATION_FORMAT = "dwarf-with-dsym";
				ENABLE_NS_ASSERTIONS = NO;
				ENABLE_STRICT_OBJC_MSGSEND = YES;
				GCC_C_LANGUAGE_STANDARD = gnu11;
				GCC_NO_COMMON_BLOCKS = YES;
				GCC_WARN_64_TO_32_BIT_CONVERSION = YES;
				GCC_WARN_ABOUT_RETURN_TYPE = YES_ERROR;
				GCC_WARN_UNDECLARED_SELECTOR = YES;
				GCC_WARN_UNINITIALIZED_AUTOS = YES_AGGRESSIVE;
				GCC_WARN_UNUSED_FUNCTION = YES;
				GCC_WARN_UNUSED_VARIABLE = YES;
				IPHONEOS_DEPLOYMENT_TARGET = 14.5;
				MTL_ENABLE_DEBUG_INFO = NO;
				MTL_FAST_MATH = YES;
				SDKROOT = iphoneos;
				SWIFT_COMPILATION_MODE = wholemodule;
				SWIFT_OPTIMIZATION_LEVEL = "-O";
				VALIDATE_PRODUCT = YES;
			};
			name = Release;
		};
		ECDD4869264C7BAE00AF49EE /* Debug */ = {
			isa = XCBuildConfiguration;
			buildSettings = {
				ASSETCATALOG_COMPILER_APPICON_NAME = AppIcon;
				ASSETCATALOG_COMPILER_GLOBAL_ACCENT_COLOR_NAME = AccentColor;
				CODE_SIGN_STYLE = Automatic;
				DEVELOPMENT_TEAM = NA39TN9Y3A;
				INFOPLIST_FILE = SimonSays/Info.plist;
				LD_RUNPATH_SEARCH_PATHS = (
					"$(inherited)",
					"@executable_path/Frameworks",
				);
				PRODUCT_BUNDLE_IDENTIFIER = com.JavierCanto.SimonSays;
				PRODUCT_NAME = "$(TARGET_NAME)";
				SWIFT_VERSION = 5.0;
				TARGETED_DEVICE_FAMILY = "1,2";
			};
			name = Debug;
		};
		ECDD486A264C7BAE00AF49EE /* Release */ = {
			isa = XCBuildConfiguration;
			buildSettings = {
				ASSETCATALOG_COMPILER_APPICON_NAME = AppIcon;
				ASSETCATALOG_COMPILER_GLOBAL_ACCENT_COLOR_NAME = AccentColor;
				CODE_SIGN_STYLE = Automatic;
				DEVELOPMENT_TEAM = NA39TN9Y3A;
				INFOPLIST_FILE = SimonSays/Info.plist;
				LD_RUNPATH_SEARCH_PATHS = (
					"$(inherited)",
					"@executable_path/Frameworks",
				);
				PRODUCT_BUNDLE_IDENTIFIER = com.JavierCanto.SimonSays;
				PRODUCT_NAME = "$(TARGET_NAME)";
				SWIFT_VERSION = 5.0;
				TARGETED_DEVICE_FAMILY = "1,2";
			};
			name = Release;
		};
/* End XCBuildConfiguration section */

/* Begin XCConfigurationList section */
		ECDD484F264C7BAD00AF49EE /* Build configuration list for PBXProject "SimonSays" */ = {
			isa = XCConfigurationList;
			buildConfigurations = (
				ECDD4866264C7BAE00AF49EE /* Debug */,
				ECDD4867264C7BAE00AF49EE /* Release */,
			);
			defaultConfigurationIsVisible = 0;
			defaultConfigurationName = Release;
		};
		ECDD4868264C7BAE00AF49EE /* Build configuration list for PBXNativeTarget "SimonSays" */ = {
			isa = XCConfigurationList;
			buildConfigurations = (
				ECDD4869264C7BAE00AF49EE /* Debug */,
				ECDD486A264C7BAE00AF49EE /* Release */,
			);
			defaultConfigurationIsVisible = 0;
			defaultConfigurationName = Release;
		};
/* End XCConfigurationList section */
	};
	rootObject = ECDD484C264C7BAD00AF49EE /* Project object */;
}
